
Microsoft Visual Studio Solution File, Format Version 12.00
# Visual Studio Version 17
VisualStudioVersion = 17.10.35004.147
MinimumVisualStudioVersion = 10.0.40219.1
Project("{FAE04EC0-301F-11D3-BF4B-00C04F79EFBC}") = "PizzaOrdering", "PizzaOrdering\PizzaOrdering.csproj", "{D05DDD43-9B06-44BE-B04B-99103447BE5D}"
EndProject
Global
	GlobalSection(SolutionConfigurationPlatforms) = preSolution
		Debug|Any CPU = Debug|Any CPU
		Release|Any CPU = Release|Any CPU
	EndGlobalSection
	GlobalSection(ProjectConfigurationPlatforms) = postSolution
		{D05DDD43-9B06-44BE-B04B-99103447BE5D}.Debug|Any CPU.ActiveCfg = Debug|Any CPU
		{D05DDD43-9B06-44BE-B04B-99103447BE5D}.Debug|Any CPU.Build.0 = Debug|Any CPU
		{D05DDD43-9B06-44BE-B04B-99103447BE5D}.Release|Any CPU.ActiveCfg = Release|Any CPU
		{D05DDD43-9B06-44BE-B04B-99103447BE5D}.Release|Any CPU.Build.0 = Release|Any CPU
	EndGlobalSection
	GlobalSection(SolutionProperties) = preSolution
		HideSolutionNode = FALSE
	EndGlobalSection
	GlobalSection(ExtensibilityGlobals) = postSolution
		SolutionGuid = {63AF1477-3BF5-4160-86D0-38EAFF433982}
	EndGlobalSection
EndGlobal
